
Microsoft Visual Studio Solution File, Format Version 12.00
# Visual Studio 15
VisualStudioVersion = 15.0.26730.16
MinimumVisualStudioVersion = 10.0.40219.1
Project("{FAE04EC0-301F-11D3-BF4B-00C04F79EFBC}") = "Paradijs", "Paradijs\Paradijs.csproj", "{B236BD5D-4756-46EB-A5EE-465747D72C51}"
EndProject
Project("{FAE04EC0-301F-11D3-BF4B-00C04F79EFBC}") = "Paradijs.Tests", "Paradijs.Tests\Paradijs.Tests.csproj", "{CBA9DC70-9FB3-4999-90BB-14120D4350AC}"
EndProject
Global
	GlobalSection(SolutionConfigurationPlatforms) = preSolution
		Debug|Any CPU = Debug|Any CPU
		Release|Any CPU = Release|Any CPU
	EndGlobalSection
	GlobalSection(ProjectConfigurationPlatforms) = postSolution
		{B236BD5D-4756-46EB-A5EE-465747D72C51}.Debug|Any CPU.ActiveCfg = Debug|Any CPU
		{B236BD5D-4756-46EB-A5EE-465747D72C51}.Debug|Any CPU.Build.0 = Debug|Any CPU
		{B236BD5D-4756-46EB-A5EE-465747D72C51}.Release|Any CPU.ActiveCfg = Release|Any CPU
		{B236BD5D-4756-46EB-A5EE-465747D72C51}.Release|Any CPU.Build.0 = Release|Any CPU
		{CBA9DC70-9FB3-4999-90BB-14120D4350AC}.Debug|Any CPU.ActiveCfg = Debug|Any CPU
		{CBA9DC70-9FB3-4999-90BB-14120D4350AC}.Debug|Any CPU.Build.0 = Debug|Any CPU
		{CBA9DC70-9FB3-4999-90BB-14120D4350AC}.Release|Any CPU.ActiveCfg = Release|Any CPU
		{CBA9DC70-9FB3-4999-90BB-14120D4350AC}.Release|Any CPU.Build.0 = Release|Any CPU
	EndGlobalSection
	GlobalSection(SolutionProperties) = preSolution
		HideSolutionNode = FALSE
	EndGlobalSection
	GlobalSection(ExtensibilityGlobals) = postSolution
		SolutionGuid = {706BDEC1-B850-4FF0-94A6-5294AD5A678F}
	EndGlobalSection
EndGlobal
